
Microsoft Visual Studio Solution File, Format Version 12.00
# Visual Studio Version 17
VisualStudioVersion = 17.11.35312.102
MinimumVisualStudioVersion = 10.0.40219.1
Project("{FAE04EC0-301F-11D3-BF4B-00C04F79EFBC}") = "Restaurants.API", "Restaurants.API\Restaurants.API.csproj", "{AC5367BC-8AE0-44B5-B73B-585054FD9981}"
EndProject
Global
	GlobalSection(SolutionConfigurationPlatforms) = preSolution
		Debug|Any CPU = Debug|Any CPU
		Release|Any CPU = Release|Any CPU
	EndGlobalSection
	GlobalSection(ProjectConfigurationPlatforms) = postSolution
		{AC5367BC-8AE0-44B5-B73B-585054FD9981}.Debug|Any CPU.ActiveCfg = Debug|Any CPU
		{AC5367BC-8AE0-44B5-B73B-585054FD9981}.Debug|Any CPU.Build.0 = Debug|Any CPU
		{AC5367BC-8AE0-44B5-B73B-585054FD9981}.Release|Any CPU.ActiveCfg = Release|Any CPU
		{AC5367BC-8AE0-44B5-B73B-585054FD9981}.Release|Any CPU.Build.0 = Release|Any CPU
	EndGlobalSection
	GlobalSection(SolutionProperties) = preSolution
		HideSolutionNode = FALSE
	EndGlobalSection
	GlobalSection(ExtensibilityGlobals) = postSolution
		SolutionGuid = {F6B7B621-1DB7-4078-87AA-214168F3BA1D}
	EndGlobalSection
EndGlobal
